// !$*UTF8*$!
{
	archiveVersion = 1;
	classes = {
	};
	objectVersion = 56;
	objects = {

/* Begin PBXBuildFile section */
		1411B8E02BDB530C006E5E97 /* Budget_BuddyApp.swift in Sources */ = {isa = PBXBuildFile; fileRef = 1411B8DF2BDB530C006E5E97 /* Budget_BuddyApp.swift */; };
		1411B8E42BDB530E006E5E97 /* Assets.xcassets in Resources */ = {isa = PBXBuildFile; fileRef = 1411B8E32BDB530E006E5E97 /* Assets.xcassets */; };
		1411B8E72BDB530E006E5E97 /* Preview Assets.xcassets in Resources */ = {isa = PBXBuildFile; fileRef = 1411B8E62BDB530E006E5E97 /* Preview Assets.xcassets */; };
		1411B8F12BDB530E006E5E97 /* Budget_BuddyTests.swift in Sources */ = {isa = PBXBuildFile; fileRef = 1411B8F02BDB530E006E5E97 /* Budget_BuddyTests.swift */; };
		1411B8FB2BDB530E006E5E97 /* Budget_BuddyUITests.swift in Sources */ = {isa = PBXBuildFile; fileRef = 1411B8FA2BDB530E006E5E97 /* Budget_BuddyUITests.swift */; };
		1411B8FD2BDB530E006E5E97 /* Budget_BuddyUITestsLaunchTests.swift in Sources */ = {isa = PBXBuildFile; fileRef = 1411B8FC2BDB530E006E5E97 /* Budget_BuddyUITestsLaunchTests.swift */; };
		1411B91F2BDB5776006E5E97 /* UIExtension.swift in Sources */ = {isa = PBXBuildFile; fileRef = 1411B91E2BDB5776006E5E97 /* UIExtension.swift */; };
		1411B9212BDB603D006E5E97 /* WelcomeView.swift in Sources */ = {isa = PBXBuildFile; fileRef = 1411B9202BDB603D006E5E97 /* WelcomeView.swift */; };
		1411B9232BDB6AE5006E5E97 /* PrimaryButton.swift in Sources */ = {isa = PBXBuildFile; fileRef = 1411B9222BDB6AE5006E5E97 /* PrimaryButton.swift */; };
		1411B9252BDB6CF3006E5E97 /* SecondaryButton.swift in Sources */ = {isa = PBXBuildFile; fileRef = 1411B9242BDB6CF3006E5E97 /* SecondaryButton.swift */; };
		1411B9272BDB6EA6006E5E97 /* SocialSignupView.swift in Sources */ = {isa = PBXBuildFile; fileRef = 1411B9262BDB6EA6006E5E97 /* SocialSignupView.swift */; };
		1411B9292BDBADDA006E5E97 /* SignUpView.swift in Sources */ = {isa = PBXBuildFile; fileRef = 1411B9282BDBADDA006E5E97 /* SignUpView.swift */; };
		1411B92B2BDBB674006E5E97 /* RoundTextField.swift in Sources */ = {isa = PBXBuildFile; fileRef = 1411B92A2BDBB674006E5E97 /* RoundTextField.swift */; };
		1411B92D2BDBBB1E006E5E97 /* SignInView.swift in Sources */ = {isa = PBXBuildFile; fileRef = 1411B92C2BDBBB1E006E5E97 /* SignInView.swift */; };
		1411B92F2BDCB9E4006E5E97 /* MainTabView.swift in Sources */ = {isa = PBXBuildFile; fileRef = 1411B92E2BDCB9E4006E5E97 /* MainTabView.swift */; };
		1411B9342BDCBD90006E5E97 /* Inter-Medium.ttf in Resources */ = {isa = PBXBuildFile; fileRef = 1411B9302BDCBD90006E5E97 /* Inter-Medium.ttf */; };
		1411B9352BDCBD90006E5E97 /* Inter-SemiBold.ttf in Resources */ = {isa = PBXBuildFile; fileRef = 1411B9312BDCBD90006E5E97 /* Inter-SemiBold.ttf */; };
		1411B9362BDCBD90006E5E97 /* Inter-Bold.ttf in Resources */ = {isa = PBXBuildFile; fileRef = 1411B9322BDCBD90006E5E97 /* Inter-Bold.ttf */; };
		1411B9372BDCBD90006E5E97 /* Inter-Regular.ttf in Resources */ = {isa = PBXBuildFile; fileRef = 1411B9332BDCBD90006E5E97 /* Inter-Regular.ttf */; };
		1411B9392BDCC829006E5E97 /* HomeView.swift in Sources */ = {isa = PBXBuildFile; fileRef = 1411B9382BDCC829006E5E97 /* HomeView.swift */; };
		1411B93B2BDD8A12006E5E97 /* SegmentButton.swift in Sources */ = {isa = PBXBuildFile; fileRef = 1411B93A2BDD8A12006E5E97 /* SegmentButton.swift */; };
		1411B93D2BDD8CAD006E5E97 /* SubscriptionModel.swift in Sources */ = {isa = PBXBuildFile; fileRef = 1411B93C2BDD8CAD006E5E97 /* SubscriptionModel.swift */; };
		1411B9402BDDFF1E006E5E97 /* SubscriptionHomeRow.swift in Sources */ = {isa = PBXBuildFile; fileRef = 1411B93F2BDDFF1E006E5E97 /* SubscriptionHomeRow.swift */; };
		1411B9422BDE0029006E5E97 /* UpcomingBillRow.swift in Sources */ = {isa = PBXBuildFile; fileRef = 1411B9412BDE0029006E5E97 /* UpcomingBillRow.swift */; };
		1411B9442BDE04C2006E5E97 /* StatusButton.swift in Sources */ = {isa = PBXBuildFile; fileRef = 1411B9432BDE04C2006E5E97 /* StatusButton.swift */; };
		1411B9462BDE0B2D006E5E97 /* ArcShape.swift in Sources */ = {isa = PBXBuildFile; fileRef = 1411B9452BDE0B2D006E5E97 /* ArcShape.swift */; };
		1411B9492BDED33A006E5E97 /* BudgetsView.swift in Sources */ = {isa = PBXBuildFile; fileRef = 1411B9482BDED33A006E5E97 /* BudgetsView.swift */; };
		1411B94B2BDED377006E5E97 /* BudgetModel.swift in Sources */ = {isa = PBXBuildFile; fileRef = 1411B94A2BDED377006E5E97 /* BudgetModel.swift */; };
		1411B94D2BDED8BA006E5E97 /* BudgetRow.swift in Sources */ = {isa = PBXBuildFile; fileRef = 1411B94C2BDED8BA006E5E97 /* BudgetRow.swift */; };
		1411B94F2BDEE601006E5E97 /* ArcModel.swift in Sources */ = {isa = PBXBuildFile; fileRef = 1411B94E2BDEE601006E5E97 /* ArcModel.swift */; };
		1411B9522BDFAD4B006E5E97 /* CalendarView.swift in Sources */ = {isa = PBXBuildFile; fileRef = 1411B9512BDFAD4B006E5E97 /* CalendarView.swift */; };
		1411B9542BDFAFEE006E5E97 /* SubscriptionCell.swift in Sources */ = {isa = PBXBuildFile; fileRef = 1411B9532BDFAFEE006E5E97 /* SubscriptionCell.swift */; };
		1411B9792BE10BC6006E5E97 /* AddSubscriptionView.swift in Sources */ = {isa = PBXBuildFile; fileRef = 1411B9782BE10BC6006E5E97 /* AddSubscriptionView.swift */; };
		1411B98F2BE10E12006E5E97 /* Week.swift in Sources */ = {isa = PBXBuildFile; fileRef = 1411B97A2BE10E12006E5E97 /* Week.swift */; };
		1411B9902BE10E12006E5E97 /* WeekStore.swift in Sources */ = {isa = PBXBuildFile; fileRef = 1411B97B2BE10E12006E5E97 /* WeekStore.swift */; };
		1411B9912BE10E12006E5E97 /* TimeDirection.swift in Sources */ = {isa = PBXBuildFile; fileRef = 1411B97D2BE10E12006E5E97 /* TimeDirection.swift */; };
		1411B9922BE10E12006E5E97 /* Color+Extension.swift in Sources */ = {isa = PBXBuildFile; fileRef = 1411B97F2BE10E12006E5E97 /* Color+Extension.swift */; };
		1411B9932BE10E12006E5E97 /* Date+Extension.swift in Sources */ = {isa = PBXBuildFile; fileRef = 1411B9802BE10E12006E5E97 /* Date+Extension.swift */; };
		1411B9942BE10E12006E5E97 /* View+Extension.swift in Sources */ = {isa = PBXBuildFile; fileRef = 1411B9812BE10E12006E5E97 /* View+Extension.swift */; };
		1411B9952BE10E12006E5E97 /* CornerRadiusShape.swift in Sources */ = {isa = PBXBuildFile; fileRef = 1411B9832BE10E12006E5E97 /* CornerRadiusShape.swift */; };
		1411B9962BE10E12006E5E97 /* CornerRadiusStyle.swift in Sources */ = {isa = PBXBuildFile; fileRef = 1411B9852BE10E12006E5E97 /* CornerRadiusStyle.swift */; };
		1411B9972BE10E12006E5E97 /* WeekHeaderView.swift in Sources */ = {isa = PBXBuildFile; fileRef = 1411B9882BE10E12006E5E97 /* WeekHeaderView.swift */; };
		1411B9982BE10E12006E5E97 /* WeeksTabView.swift in Sources */ = {isa = PBXBuildFile; fileRef = 1411B9892BE10E12006E5E97 /* WeeksTabView.swift */; };
		1411B9992BE10E12006E5E97 /* WeekView.swift in Sources */ = {isa = PBXBuildFile; fileRef = 1411B98A2BE10E12006E5E97 /* WeekView.swift */; };
		1411B99A2BE10E12006E5E97 /* InfiniteWeekView.swift in Sources */ = {isa = PBXBuildFile; fileRef = 1411B98C2BE10E12006E5E97 /* InfiniteWeekView.swift */; };
		1411B99C2BE11B61006E5E97 /* UIStateModel.swift in Sources */ = {isa = PBXBuildFile; fileRef = 1411B99B2BE11B61006E5E97 /* UIStateModel.swift */; };
		1411B9A02BE13162006E5E97 /* CarouselView.swift in Sources */ = {isa = PBXBuildFile; fileRef = 1411B99F2BE13162006E5E97 /* CarouselView.swift */; };
		1411B9A42BE22766006E5E97 /* SubscriptionInfoView.swift in Sources */ = {isa = PBXBuildFile; fileRef = 1411B9A32BE22766006E5E97 /* SubscriptionInfoView.swift */; };
		143D23012C344BE000732EDB /* GoogleService-Info.plist in Resources */ = {isa = PBXBuildFile; fileRef = 143D23002C344BE000732EDB /* GoogleService-Info.plist */; };
		143D23082C34538600732EDB /* FirebaseAnalytics in Frameworks */ = {isa = PBXBuildFile; productRef = 143D23072C34538600732EDB /* FirebaseAnalytics */; };
		143D230A2C34538700732EDB /* FirebaseAnalyticsOnDeviceConversion in Frameworks */ = {isa = PBXBuildFile; productRef = 143D23092C34538700732EDB /* FirebaseAnalyticsOnDeviceConversion */; };
		143D230C2C34538700732EDB /* FirebaseAnalyticsSwift in Frameworks */ = {isa = PBXBuildFile; productRef = 143D230B2C34538700732EDB /* FirebaseAnalyticsSwift */; };
		143D230E2C34538700732EDB /* FirebaseAnalyticsWithoutAdIdSupport in Frameworks */ = {isa = PBXBuildFile; productRef = 143D230D2C34538700732EDB /* FirebaseAnalyticsWithoutAdIdSupport */; };
		143D23102C34538700732EDB /* FirebaseAppCheck in Frameworks */ = {isa = PBXBuildFile; productRef = 143D230F2C34538700732EDB /* FirebaseAppCheck */; };
		143D23122C34538700732EDB /* FirebaseAppDistribution-Beta in Frameworks */ = {isa = PBXBuildFile; productRef = 143D23112C34538700732EDB /* FirebaseAppDistribution-Beta */; };
		143D23142C34538700732EDB /* FirebaseAuth in Frameworks */ = {isa = PBXBuildFile; productRef = 143D23132C34538700732EDB /* FirebaseAuth */; };
		143D23162C34538700732EDB /* FirebaseAuthCombine-Community in Frameworks */ = {isa = PBXBuildFile; productRef = 143D23152C34538700732EDB /* FirebaseAuthCombine-Community */; };
		143D23182C34538700732EDB /* FirebaseCrashlytics in Frameworks */ = {isa = PBXBuildFile; productRef = 143D23172C34538700732EDB /* FirebaseCrashlytics */; };
		143D231A2C34538700732EDB /* FirebaseDatabase in Frameworks */ = {isa = PBXBuildFile; productRef = 143D23192C34538700732EDB /* FirebaseDatabase */; };
		143D231C2C34538700732EDB /* FirebaseDatabaseSwift in Frameworks */ = {isa = PBXBuildFile; productRef = 143D231B2C34538700732EDB /* FirebaseDatabaseSwift */; };
		143D231E2C34538700732EDB /* FirebaseDynamicLinks in Frameworks */ = {isa = PBXBuildFile; productRef = 143D231D2C34538700732EDB /* FirebaseDynamicLinks */; };
		143D23202C34538700732EDB /* FirebaseFirestore in Frameworks */ = {isa = PBXBuildFile; productRef = 143D231F2C34538700732EDB /* FirebaseFirestore */; };
		143D23222C34538700732EDB /* FirebaseFirestoreCombine-Community in Frameworks */ = {isa = PBXBuildFile; productRef = 143D23212C34538700732EDB /* FirebaseFirestoreCombine-Community */; };
		143D23242C34538700732EDB /* FirebaseFirestoreSwift in Frameworks */ = {isa = PBXBuildFile; productRef = 143D23232C34538700732EDB /* FirebaseFirestoreSwift */; };
		143D23262C34538700732EDB /* FirebaseFunctions in Frameworks */ = {isa = PBXBuildFile; productRef = 143D23252C34538700732EDB /* FirebaseFunctions */; };
		143D23282C34538700732EDB /* FirebaseFunctionsCombine-Community in Frameworks */ = {isa = PBXBuildFile; productRef = 143D23272C34538700732EDB /* FirebaseFunctionsCombine-Community */; };
		143D232A2C34538700732EDB /* FirebaseInAppMessaging-Beta in Frameworks */ = {isa = PBXBuildFile; productRef = 143D23292C34538700732EDB /* FirebaseInAppMessaging-Beta */; };
		143D232C2C34538700732EDB /* FirebaseInAppMessagingSwift-Beta in Frameworks */ = {isa = PBXBuildFile; productRef = 143D232B2C34538700732EDB /* FirebaseInAppMessagingSwift-Beta */; };
		143D232E2C34538700732EDB /* FirebaseInstallations in Frameworks */ = {isa = PBXBuildFile; productRef = 143D232D2C34538700732EDB /* FirebaseInstallations */; };
		143D23302C34538700732EDB /* FirebaseMLModelDownloader in Frameworks */ = {isa = PBXBuildFile; productRef = 143D232F2C34538700732EDB /* FirebaseMLModelDownloader */; };
		143D23322C34538700732EDB /* FirebaseMessaging in Frameworks */ = {isa = PBXBuildFile; productRef = 143D23312C34538700732EDB /* FirebaseMessaging */; };
		143D23342C34538700732EDB /* FirebasePerformance in Frameworks */ = {isa = PBXBuildFile; productRef = 143D23332C34538700732EDB /* FirebasePerformance */; };
		143D23362C34538700732EDB /* FirebaseRemoteConfig in Frameworks */ = {isa = PBXBuildFile; productRef = 143D23352C34538700732EDB /* FirebaseRemoteConfig */; };
		143D23382C34538700732EDB /* FirebaseRemoteConfigSwift in Frameworks */ = {isa = PBXBuildFile; productRef = 143D23372C34538700732EDB /* FirebaseRemoteConfigSwift */; };
		143D233A2C34538700732EDB /* FirebaseStorage in Frameworks */ = {isa = PBXBuildFile; productRef = 143D23392C34538700732EDB /* FirebaseStorage */; };
		143D233C2C34538700732EDB /* FirebaseStorageCombine-Community in Frameworks */ = {isa = PBXBuildFile; productRef = 143D233B2C34538700732EDB /* FirebaseStorageCombine-Community */; };
		143D233E2C34538700732EDB /* FirebaseVertexAI-Preview in Frameworks */ = {isa = PBXBuildFile; productRef = 143D233D2C34538700732EDB /* FirebaseVertexAI-Preview */; };
		147260332BE3CB28007935A5 /* ItemRow.swift in Sources */ = {isa = PBXBuildFile; fileRef = 147260322BE3CB28007935A5 /* ItemRow.swift */; };
		147260362BE4CE4B007935A5 /* SettingView.swift in Sources */ = {isa = PBXBuildFile; fileRef = 147260352BE4CE4A007935A5 /* SettingView.swift */; };
		147260382BE4D136007935A5 /* IconItemRow.swift in Sources */ = {isa = PBXBuildFile; fileRef = 147260372BE4D136007935A5 /* IconItemRow.swift */; };
		1472603C2BE4D181007935A5 /* IconItemSwitchRow.swift in Sources */ = {isa = PBXBuildFile; fileRef = 1472603B2BE4D181007935A5 /* IconItemSwitchRow.swift */; };
		147260412BE4EFD0007935A5 /* CardView.swift in Sources */ = {isa = PBXBuildFile; fileRef = 147260402BE4EFD0007935A5 /* CardView.swift */; };
		147260472BE4FC8F007935A5 /* CardStack.swift in Sources */ = {isa = PBXBuildFile; fileRef = 147260452BE4FC8F007935A5 /* CardStack.swift */; };
		147260492BE4FCD3007935A5 /* CreditCardModel.swift in Sources */ = {isa = PBXBuildFile; fileRef = 147260482BE4FCD2007935A5 /* CreditCardModel.swift */; };
/* End PBXBuildFile section */

/* Begin PBXContainerItemProxy section */
		1411B8ED2BDB530E006E5E97 /* PBXContainerItemProxy */ = {
			isa = PBXContainerItemProxy;
			containerPortal = 1411B8D42BDB530C006E5E97 /* Project object */;
			proxyType = 1;
			remoteGlobalIDString = 1411B8DB2BDB530C006E5E97;
			remoteInfo = "Budget Buddy";
		};
		1411B8F72BDB530E006E5E97 /* PBXContainerItemProxy */ = {
			isa = PBXContainerItemProxy;
			containerPortal = 1411B8D42BDB530C006E5E97 /* Project object */;
			proxyType = 1;
			remoteGlobalIDString = 1411B8DB2BDB530C006E5E97;
			remoteInfo = "Budget Buddy";
		};
/* End PBXContainerItemProxy section */

/* Begin PBXFileReference section */
		1411B8DC2BDB530C006E5E97 /* Budget Buddy.app */ = {isa = PBXFileReference; explicitFileType = wrapper.application; includeInIndex = 0; path = "Budget Buddy.app"; sourceTree = BUILT_PRODUCTS_DIR; };
		1411B8DF2BDB530C006E5E97 /* Budget_BuddyApp.swift */ = {isa = PBXFileReference; lastKnownFileType = sourcecode.swift; path = Budget_BuddyApp.swift; sourceTree = "<group>"; };
		1411B8E32BDB530E006E5E97 /* Assets.xcassets */ = {isa = PBXFileReference; lastKnownFileType = folder.assetcatalog; path = Assets.xcassets; sourceTree = "<group>"; };
		1411B8E62BDB530E006E5E97 /* Preview Assets.xcassets */ = {isa = PBXFileReference; lastKnownFileType = folder.assetcatalog; path = "Preview Assets.xcassets"; sourceTree = "<group>"; };
		1411B8EC2BDB530E006E5E97 /* Budget BuddyTests.xctest */ = {isa = PBXFileReference; explicitFileType = wrapper.cfbundle; includeInIndex = 0; path = "Budget BuddyTests.xctest"; sourceTree = BUILT_PRODUCTS_DIR; };
		1411B8F02BDB530E006E5E97 /* Budget_BuddyTests.swift */ = {isa = PBXFileReference; lastKnownFileType = sourcecode.swift; path = Budget_BuddyTests.swift; sourceTree = "<group>"; };
		1411B8F62BDB530E006E5E97 /* Budget BuddyUITests.xctest */ = {isa = PBXFileReference; explicitFileType = wrapper.cfbundle; includeInIndex = 0; path = "Budget BuddyUITests.xctest"; sourceTree = BUILT_PRODUCTS_DIR; };
		1411B8FA2BDB530E006E5E97 /* Budget_BuddyUITests.swift */ = {isa = PBXFileReference; lastKnownFileType = sourcecode.swift; path = Budget_BuddyUITests.swift; sourceTree = "<group>"; };
		1411B8FC2BDB530E006E5E97 /* Budget_BuddyUITestsLaunchTests.swift */ = {isa = PBXFileReference; lastKnownFileType = sourcecode.swift; path = Budget_BuddyUITestsLaunchTests.swift; sourceTree = "<group>"; };
		1411B91D2BDB569E006E5E97 /* Budget-Buddy-Info.plist */ = {isa = PBXFileReference; lastKnownFileType = text.plist; path = "Budget-Buddy-Info.plist"; sourceTree = SOURCE_ROOT; };
		1411B91E2BDB5776006E5E97 /* UIExtension.swift */ = {isa = PBXFileReference; lastKnownFileType = sourcecode.swift; path = UIExtension.swift; sourceTree = "<group>"; };
		1411B9202BDB603D006E5E97 /* WelcomeView.swift */ = {isa = PBXFileReference; lastKnownFileType = sourcecode.swift; path = WelcomeView.swift; sourceTree = "<group>"; };
		1411B9222BDB6AE5006E5E97 /* PrimaryButton.swift */ = {isa = PBXFileReference; lastKnownFileType = sourcecode.swift; path = PrimaryButton.swift; sourceTree = "<group>"; };
		1411B9242BDB6CF3006E5E97 /* SecondaryButton.swift */ = {isa = PBXFileReference; lastKnownFileType = sourcecode.swift; path = SecondaryButton.swift; sourceTree = "<group>"; };
		1411B9262BDB6EA6006E5E97 /* SocialSignupView.swift */ = {isa = PBXFileReference; lastKnownFileType = sourcecode.swift; path = SocialSignupView.swift; sourceTree = "<group>"; };
		1411B9282BDBADDA006E5E97 /* SignUpView.swift */ = {isa = PBXFileReference; lastKnownFileType = sourcecode.swift; path = SignUpView.swift; sourceTree = "<group>"; };
		1411B92A2BDBB674006E5E97 /* RoundTextField.swift */ = {isa = PBXFileReference; lastKnownFileType = sourcecode.swift; path = RoundTextField.swift; sourceTree = "<group>"; };
		1411B92C2BDBBB1E006E5E97 /* SignInView.swift */ = {isa = PBXFileReference; lastKnownFileType = sourcecode.swift; path = SignInView.swift; sourceTree = "<group>"; };
		1411B92E2BDCB9E4006E5E97 /* MainTabView.swift */ = {isa = PBXFileReference; lastKnownFileType = sourcecode.swift; path = MainTabView.swift; sourceTree = "<group>"; };
		1411B9302BDCBD90006E5E97 /* Inter-Medium.ttf */ = {isa = PBXFileReference; lastKnownFileType = file; path = "Inter-Medium.ttf"; sourceTree = "<group>"; };
		1411B9312BDCBD90006E5E97 /* Inter-SemiBold.ttf */ = {isa = PBXFileReference; lastKnownFileType = file; path = "Inter-SemiBold.ttf"; sourceTree = "<group>"; };
		1411B9322BDCBD90006E5E97 /* Inter-Bold.ttf */ = {isa = PBXFileReference; lastKnownFileType = file; path = "Inter-Bold.ttf"; sourceTree = "<group>"; };
		1411B9332BDCBD90006E5E97 /* Inter-Regular.ttf */ = {isa = PBXFileReference; lastKnownFileType = file; path = "Inter-Regular.ttf"; sourceTree = "<group>"; };
		1411B9382BDCC829006E5E97 /* HomeView.swift */ = {isa = PBXFileReference; lastKnownFileType = sourcecode.swift; path = HomeView.swift; sourceTree = "<group>"; };
		1411B93A2BDD8A12006E5E97 /* SegmentButton.swift */ = {isa = PBXFileReference; lastKnownFileType = sourcecode.swift; path = SegmentButton.swift; sourceTree = "<group>"; };
		1411B93C2BDD8CAD006E5E97 /* SubscriptionModel.swift */ = {isa = PBXFileReference; lastKnownFileType = sourcecode.swift; path = SubscriptionModel.swift; sourceTree = "<group>"; };
		1411B93F2BDDFF1E006E5E97 /* SubscriptionHomeRow.swift */ = {isa = PBXFileReference; lastKnownFileType = sourcecode.swift; path = SubscriptionHomeRow.swift; sourceTree = "<group>"; };
		1411B9412BDE0029006E5E97 /* UpcomingBillRow.swift */ = {isa = PBXFileReference; lastKnownFileType = sourcecode.swift; path = UpcomingBillRow.swift; sourceTree = "<group>"; };
		1411B9432BDE04C2006E5E97 /* StatusButton.swift */ = {isa = PBXFileReference; lastKnownFileType = sourcecode.swift; path = StatusButton.swift; sourceTree = "<group>"; };
		1411B9452BDE0B2D006E5E97 /* ArcShape.swift */ = {isa = PBXFileReference; lastKnownFileType = sourcecode.swift; path = ArcShape.swift; sourceTree = "<group>"; };
		1411B9482BDED33A006E5E97 /* BudgetsView.swift */ = {isa = PBXFileReference; lastKnownFileType = sourcecode.swift; path = BudgetsView.swift; sourceTree = "<group>"; };
		1411B94A2BDED377006E5E97 /* BudgetModel.swift */ = {isa = PBXFileReference; lastKnownFileType = sourcecode.swift; path = BudgetModel.swift; sourceTree = "<group>"; };
		1411B94C2BDED8BA006E5E97 /* BudgetRow.swift */ = {isa = PBXFileReference; lastKnownFileType = sourcecode.swift; path = BudgetRow.swift; sourceTree = "<group>"; };
		1411B94E2BDEE601006E5E97 /* ArcModel.swift */ = {isa = PBXFileReference; lastKnownFileType = sourcecode.swift; path = ArcModel.swift; sourceTree = "<group>"; };
		1411B9512BDFAD4B006E5E97 /* CalendarView.swift */ = {isa = PBXFileReference; lastKnownFileType = sourcecode.swift; path = CalendarView.swift; sourceTree = "<group>"; };
		1411B9532BDFAFEE006E5E97 /* SubscriptionCell.swift */ = {isa = PBXFileReference; lastKnownFileType = sourcecode.swift; path = SubscriptionCell.swift; sourceTree = "<group>"; };
		1411B9782BE10BC6006E5E97 /* AddSubscriptionView.swift */ = {isa = PBXFileReference; lastKnownFileType = sourcecode.swift; path = AddSubscriptionView.swift; sourceTree = "<group>"; };
		1411B97A2BE10E12006E5E97 /* Week.swift */ = {isa = PBXFileReference; fileEncoding = 4; lastKnownFileType = sourcecode.swift; path = Week.swift; sourceTree = "<group>"; };
		1411B97B2BE10E12006E5E97 /* WeekStore.swift */ = {isa = PBXFileReference; fileEncoding = 4; lastKnownFileType = sourcecode.swift; path = WeekStore.swift; sourceTree = "<group>"; };
		1411B97D2BE10E12006E5E97 /* TimeDirection.swift */ = {isa = PBXFileReference; fileEncoding = 4; lastKnownFileType = sourcecode.swift; path = TimeDirection.swift; sourceTree = "<group>"; };
		1411B97F2BE10E12006E5E97 /* Color+Extension.swift */ = {isa = PBXFileReference; fileEncoding = 4; lastKnownFileType = sourcecode.swift; path = "Color+Extension.swift"; sourceTree = "<group>"; };
		1411B9802BE10E12006E5E97 /* Date+Extension.swift */ = {isa = PBXFileReference; fileEncoding = 4; lastKnownFileType = sourcecode.swift; path = "Date+Extension.swift"; sourceTree = "<group>"; };
		1411B9812BE10E12006E5E97 /* View+Extension.swift */ = {isa = PBXFileReference; fileEncoding = 4; lastKnownFileType = sourcecode.swift; path = "View+Extension.swift"; sourceTree = "<group>"; };
		1411B9832BE10E12006E5E97 /* CornerRadiusShape.swift */ = {isa = PBXFileReference; fileEncoding = 4; lastKnownFileType = sourcecode.swift; path = CornerRadiusShape.swift; sourceTree = "<group>"; };
		1411B9852BE10E12006E5E97 /* CornerRadiusStyle.swift */ = {isa = PBXFileReference; fileEncoding = 4; lastKnownFileType = sourcecode.swift; path = CornerRadiusStyle.swift; sourceTree = "<group>"; };
		1411B9882BE10E12006E5E97 /* WeekHeaderView.swift */ = {isa = PBXFileReference; fileEncoding = 4; lastKnownFileType = sourcecode.swift; path = WeekHeaderView.swift; sourceTree = "<group>"; };
		1411B9892BE10E12006E5E97 /* WeeksTabView.swift */ = {isa = PBXFileReference; fileEncoding = 4; lastKnownFileType = sourcecode.swift; path = WeeksTabView.swift; sourceTree = "<group>"; };
		1411B98A2BE10E12006E5E97 /* WeekView.swift */ = {isa = PBXFileReference; fileEncoding = 4; lastKnownFileType = sourcecode.swift; path = WeekView.swift; sourceTree = "<group>"; };
		1411B98C2BE10E12006E5E97 /* InfiniteWeekView.swift */ = {isa = PBXFileReference; fileEncoding = 4; lastKnownFileType = sourcecode.swift; path = InfiniteWeekView.swift; sourceTree = "<group>"; };
		1411B99B2BE11B61006E5E97 /* UIStateModel.swift */ = {isa = PBXFileReference; lastKnownFileType = sourcecode.swift; path = UIStateModel.swift; sourceTree = "<group>"; };
		1411B99F2BE13162006E5E97 /* CarouselView.swift */ = {isa = PBXFileReference; lastKnownFileType = sourcecode.swift; path = CarouselView.swift; sourceTree = "<group>"; };
		1411B9A32BE22766006E5E97 /* SubscriptionInfoView.swift */ = {isa = PBXFileReference; lastKnownFileType = sourcecode.swift; path = SubscriptionInfoView.swift; sourceTree = "<group>"; };
		143D23002C344BE000732EDB /* GoogleService-Info.plist */ = {isa = PBXFileReference; fileEncoding = 4; lastKnownFileType = text.plist.xml; path = "GoogleService-Info.plist"; sourceTree = "<group>"; };
		147260322BE3CB28007935A5 /* ItemRow.swift */ = {isa = PBXFileReference; lastKnownFileType = sourcecode.swift; path = ItemRow.swift; sourceTree = "<group>"; };
		147260352BE4CE4A007935A5 /* SettingView.swift */ = {isa = PBXFileReference; lastKnownFileType = sourcecode.swift; path = SettingView.swift; sourceTree = "<group>"; };
		147260372BE4D136007935A5 /* IconItemRow.swift */ = {isa = PBXFileReference; lastKnownFileType = sourcecode.swift; path = IconItemRow.swift; sourceTree = "<group>"; };
		1472603B2BE4D181007935A5 /* IconItemSwitchRow.swift */ = {isa = PBXFileReference; lastKnownFileType = sourcecode.swift; path = IconItemSwitchRow.swift; sourceTree = "<group>"; };
		147260402BE4EFD0007935A5 /* CardView.swift */ = {isa = PBXFileReference; lastKnownFileType = sourcecode.swift; path = CardView.swift; sourceTree = "<group>"; };
		147260452BE4FC8F007935A5 /* CardStack.swift */ = {isa = PBXFileReference; fileEncoding = 4; lastKnownFileType = sourcecode.swift; path = CardStack.swift; sourceTree = "<group>"; };
		147260482BE4FCD2007935A5 /* CreditCardModel.swift */ = {isa = PBXFileReference; lastKnownFileType = sourcecode.swift; path = CreditCardModel.swift; sourceTree = "<group>"; };
/* End PBXFileReference section */

/* Begin PBXFrameworksBuildPhase section */
		1411B8D92BDB530C006E5E97 /* Frameworks */ = {
			isa = PBXFrameworksBuildPhase;
			buildActionMask = 2147483647;
			files = (
				143D231A2C34538700732EDB /* FirebaseDatabase in Frameworks */,
				143D23282C34538700732EDB /* FirebaseFunctionsCombine-Community in Frameworks */,
				143D23202C34538700732EDB /* FirebaseFirestore in Frameworks */,
				143D230C2C34538700732EDB /* FirebaseAnalyticsSwift in Frameworks */,
				143D23082C34538600732EDB /* FirebaseAnalytics in Frameworks */,
				143D230A2C34538700732EDB /* FirebaseAnalyticsOnDeviceConversion in Frameworks */,
				143D23302C34538700732EDB /* FirebaseMLModelDownloader in Frameworks */,
				143D23242C34538700732EDB /* FirebaseFirestoreSwift in Frameworks */,
				143D23102C34538700732EDB /* FirebaseAppCheck in Frameworks */,
				143D230E2C34538700732EDB /* FirebaseAnalyticsWithoutAdIdSupport in Frameworks */,
				143D23142C34538700732EDB /* FirebaseAuth in Frameworks */,
				143D23182C34538700732EDB /* FirebaseCrashlytics in Frameworks */,
				143D23382C34538700732EDB /* FirebaseRemoteConfigSwift in Frameworks */,
				143D232A2C34538700732EDB /* FirebaseInAppMessaging-Beta in Frameworks */,
				143D231C2C34538700732EDB /* FirebaseDatabaseSwift in Frameworks */,
				143D23262C34538700732EDB /* FirebaseFunctions in Frameworks */,
				143D233C2C34538700732EDB /* FirebaseStorageCombine-Community in Frameworks */,
				143D23362C34538700732EDB /* FirebaseRemoteConfig in Frameworks */,
				143D23122C34538700732EDB /* FirebaseAppDistribution-Beta in Frameworks */,
				143D23162C34538700732EDB /* FirebaseAuthCombine-Community in Frameworks */,
				143D23342C34538700732EDB /* FirebasePerformance in Frameworks */,
				143D232C2C34538700732EDB /* FirebaseInAppMessagingSwift-Beta in Frameworks */,
				143D233A2C34538700732EDB /* FirebaseStorage in Frameworks */,
				143D231E2C34538700732EDB /* FirebaseDynamicLinks in Frameworks */,
				143D233E2C34538700732EDB /* FirebaseVertexAI-Preview in Frameworks */,
				143D23222C34538700732EDB /* FirebaseFirestoreCombine-Community in Frameworks */,
				143D23322C34538700732EDB /* FirebaseMessaging in Frameworks */,
				143D232E2C34538700732EDB /* FirebaseInstallations in Frameworks */,
			);
			runOnlyForDeploymentPostprocessing = 0;
		};
		1411B8E92BDB530E006E5E97 /* Frameworks */ = {
			isa = PBXFrameworksBuildPhase;
			buildActionMask = 2147483647;
			files = (
			);
			runOnlyForDeploymentPostprocessing = 0;
		};
		1411B8F32BDB530E006E5E97 /* Frameworks */ = {
			isa = PBXFrameworksBuildPhase;
			buildActionMask = 2147483647;
			files = (
			);
			runOnlyForDeploymentPostprocessing = 0;
		};
/* End PBXFrameworksBuildPhase section */

/* Begin PBXGroup section */
		1411B8D32BDB530C006E5E97 = {
			isa = PBXGroup;
			children = (
				1411B8DE2BDB530C006E5E97 /* Budget Buddy */,
				1411B8EF2BDB530E006E5E97 /* Budget BuddyTests */,
				1411B8F92BDB530E006E5E97 /* Budget BuddyUITests */,
				1411B8DD2BDB530C006E5E97 /* Products */,
			);
			sourceTree = "<group>";
		};
		1411B8DD2BDB530C006E5E97 /* Products */ = {
			isa = PBXGroup;
			children = (
				1411B8DC2BDB530C006E5E97 /* Budget Buddy.app */,
				1411B8EC2BDB530E006E5E97 /* Budget BuddyTests.xctest */,
				1411B8F62BDB530E006E5E97 /* Budget BuddyUITests.xctest */,
			);
			name = Products;
			sourceTree = "<group>";
		};
		1411B8DE2BDB530C006E5E97 /* Budget Buddy */ = {
			isa = PBXGroup;
			children = (
				143D23002C344BE000732EDB /* GoogleService-Info.plist */,
				1411B9552BDFC202006E5E97 /* 3rdParty */,
				1411B91D2BDB569E006E5E97 /* Budget-Buddy-Info.plist */,
				1411B9102BDB53F6006E5E97 /* UICommon */,
				1411B90F2BDB53EC006E5E97 /* Common */,
				1411B90E2BDB53D9006E5E97 /* Model */,
				1411B90D2BDB53D2006E5E97 /* ViewModel */,
				1411B90B2BDB5395006E5E97 /* View */,
				1411B9092BDB5360006E5E97 /* Font */,
				1411B8DF2BDB530C006E5E97 /* Budget_BuddyApp.swift */,
				1411B8E32BDB530E006E5E97 /* Assets.xcassets */,
				1411B8E52BDB530E006E5E97 /* Preview Content */,
			);
			path = "Budget Buddy";
			sourceTree = "<group>";
		};
		1411B8E52BDB530E006E5E97 /* Preview Content */ = {
			isa = PBXGroup;
			children = (
				1411B8E62BDB530E006E5E97 /* Preview Assets.xcassets */,
			);
			path = "Preview Content";
			sourceTree = "<group>";
		};
		1411B8EF2BDB530E006E5E97 /* Budget BuddyTests */ = {
			isa = PBXGroup;
			children = (
				1411B8F02BDB530E006E5E97 /* Budget_BuddyTests.swift */,
			);
			path = "Budget BuddyTests";
			sourceTree = "<group>";
		};
		1411B8F92BDB530E006E5E97 /* Budget BuddyUITests */ = {
			isa = PBXGroup;
			children = (
				1411B8FA2BDB530E006E5E97 /* Budget_BuddyUITests.swift */,
				1411B8FC2BDB530E006E5E97 /* Budget_BuddyUITestsLaunchTests.swift */,
			);
			path = "Budget BuddyUITests";
			sourceTree = "<group>";
		};
		1411B9092BDB5360006E5E97 /* Font */ = {
			isa = PBXGroup;
			children = (
				1411B9322BDCBD90006E5E97 /* Inter-Bold.ttf */,
				1411B9302BDCBD90006E5E97 /* Inter-Medium.ttf */,
				1411B9332BDCBD90006E5E97 /* Inter-Regular.ttf */,
				1411B9312BDCBD90006E5E97 /* Inter-SemiBold.ttf */,
			);
			path = Font;
			sourceTree = "<group>";
		};
		1411B90B2BDB5395006E5E97 /* View */ = {
			isa = PBXGroup;
			children = (
				1472603F2BE4EFC1007935A5 /* Card */,
				147260342BE4CE27007935A5 /* Settings */,
				1411B9A22BE2273E006E5E97 /* SubscriptionInfo */,
				1411B9772BE10B9E006E5E97 /* AddSubscription */,
				1411B9502BDFAD25006E5E97 /* Calendar */,
				1411B9472BDED312006E5E97 /* Budgets */,
				1411B9142BDB5450006E5E97 /* MainTab */,
				1411B9132BDB5441006E5E97 /* Home */,
				1411B9122BDB5439006E5E97 /* Login */,
			);
			path = View;
			sourceTree = "<group>";
		};
		1411B90D2BDB53D2006E5E97 /* ViewModel */ = {
			isa = PBXGroup;
			children = (
				1411B99B2BE11B61006E5E97 /* UIStateModel.swift */,
			);
			path = ViewModel;
			sourceTree = "<group>";
		};
		1411B90E2BDB53D9006E5E97 /* Model */ = {
			isa = PBXGroup;
			children = (
				1411B93C2BDD8CAD006E5E97 /* SubscriptionModel.swift */,
				1411B94A2BDED377006E5E97 /* BudgetModel.swift */,
				1411B94E2BDEE601006E5E97 /* ArcModel.swift */,
				147260482BE4FCD2007935A5 /* CreditCardModel.swift */,
			);
			path = Model;
			sourceTree = "<group>";
		};
		1411B90F2BDB53EC006E5E97 /* Common */ = {
			isa = PBXGroup;
			children = (
			);
			path = Common;
			sourceTree = "<group>";
		};
		1411B9102BDB53F6006E5E97 /* UICommon */ = {
			isa = PBXGroup;
			children = (
				1411B91E2BDB5776006E5E97 /* UIExtension.swift */,
				1411B9222BDB6AE5006E5E97 /* PrimaryButton.swift */,
				1411B9242BDB6CF3006E5E97 /* SecondaryButton.swift */,
				1411B92A2BDBB674006E5E97 /* RoundTextField.swift */,
				1411B93A2BDD8A12006E5E97 /* SegmentButton.swift */,
				1411B93F2BDDFF1E006E5E97 /* SubscriptionHomeRow.swift */,
				1411B9412BDE0029006E5E97 /* UpcomingBillRow.swift */,
				1411B9432BDE04C2006E5E97 /* StatusButton.swift */,
				1411B9452BDE0B2D006E5E97 /* ArcShape.swift */,
				1411B94C2BDED8BA006E5E97 /* BudgetRow.swift */,
				1411B9532BDFAFEE006E5E97 /* SubscriptionCell.swift */,
				1411B99F2BE13162006E5E97 /* CarouselView.swift */,
				147260322BE3CB28007935A5 /* ItemRow.swift */,
				147260372BE4D136007935A5 /* IconItemRow.swift */,
				1472603B2BE4D181007935A5 /* IconItemSwitchRow.swift */,
			);
			path = UICommon;
			sourceTree = "<group>";
		};
		1411B9122BDB5439006E5E97 /* Login */ = {
			isa = PBXGroup;
			children = (
				1411B9202BDB603D006E5E97 /* WelcomeView.swift */,
				1411B9262BDB6EA6006E5E97 /* SocialSignupView.swift */,
				1411B9282BDBADDA006E5E97 /* SignUpView.swift */,
				1411B92C2BDBBB1E006E5E97 /* SignInView.swift */,
			);
			path = Login;
			sourceTree = "<group>";
		};
		1411B9132BDB5441006E5E97 /* Home */ = {
			isa = PBXGroup;
			children = (
				1411B9382BDCC829006E5E97 /* HomeView.swift */,
			);
			path = Home;
			sourceTree = "<group>";
		};
		1411B9142BDB5450006E5E97 /* MainTab */ = {
			isa = PBXGroup;
			children = (
				1411B92E2BDCB9E4006E5E97 /* MainTabView.swift */,
			);
			path = MainTab;
			sourceTree = "<group>";
		};
		1411B9472BDED312006E5E97 /* Budgets */ = {
			isa = PBXGroup;
			children = (
				1411B9482BDED33A006E5E97 /* BudgetsView.swift */,
			);
			path = Budgets;
			sourceTree = "<group>";
		};
		1411B9502BDFAD25006E5E97 /* Calendar */ = {
			isa = PBXGroup;
			children = (
				1411B9512BDFAD4B006E5E97 /* CalendarView.swift */,
			);
			path = Calendar;
			sourceTree = "<group>";
		};
		1411B9552BDFC202006E5E97 /* 3rdParty */ = {
			isa = PBXGroup;
			children = (
				147260462BE4FC8F007935A5 /* CardStack */,
				1411B98E2BE10E12006E5E97 /* InfiniteWeekView */,
			);
			path = 3rdParty;
			sourceTree = "<group>";
		};
		1411B9772BE10B9E006E5E97 /* AddSubscription */ = {
			isa = PBXGroup;
			children = (
				1411B9782BE10BC6006E5E97 /* AddSubscriptionView.swift */,
			);
			path = AddSubscription;
			sourceTree = "<group>";
		};
		1411B97C2BE10E12006E5E97 /* Models */ = {
			isa = PBXGroup;
			children = (
				1411B97A2BE10E12006E5E97 /* Week.swift */,
				1411B97B2BE10E12006E5E97 /* WeekStore.swift */,
			);
			path = Models;
			sourceTree = "<group>";
		};
		1411B97E2BE10E12006E5E97 /* Enums */ = {
			isa = PBXGroup;
			children = (
				1411B97D2BE10E12006E5E97 /* TimeDirection.swift */,
			);
			path = Enums;
			sourceTree = "<group>";
		};
		1411B9822BE10E12006E5E97 /* Extensions */ = {
			isa = PBXGroup;
			children = (
				1411B97F2BE10E12006E5E97 /* Color+Extension.swift */,
				1411B9802BE10E12006E5E97 /* Date+Extension.swift */,
				1411B9812BE10E12006E5E97 /* View+Extension.swift */,
			);
			path = Extensions;
			sourceTree = "<group>";
		};
		1411B9842BE10E12006E5E97 /* Shapes */ = {
			isa = PBXGroup;
			children = (
				1411B9832BE10E12006E5E97 /* CornerRadiusShape.swift */,
			);
			path = Shapes;
			sourceTree = "<group>";
		};
		1411B9862BE10E12006E5E97 /* ViewModifier */ = {
			isa = PBXGroup;
			children = (
				1411B9852BE10E12006E5E97 /* CornerRadiusStyle.swift */,
			);
			path = ViewModifier;
			sourceTree = "<group>";
		};
		1411B9872BE10E12006E5E97 /* Utils */ = {
			isa = PBXGroup;
			children = (
				1411B97E2BE10E12006E5E97 /* Enums */,
				1411B9822BE10E12006E5E97 /* Extensions */,
				1411B9842BE10E12006E5E97 /* Shapes */,
				1411B9862BE10E12006E5E97 /* ViewModifier */,
			);
			path = Utils;
			sourceTree = "<group>";
		};
		1411B98B2BE10E12006E5E97 /* Week */ = {
			isa = PBXGroup;
			children = (
				1411B9882BE10E12006E5E97 /* WeekHeaderView.swift */,
				1411B9892BE10E12006E5E97 /* WeeksTabView.swift */,
				1411B98A2BE10E12006E5E97 /* WeekView.swift */,
			);
			path = Week;
			sourceTree = "<group>";
		};
		1411B98D2BE10E12006E5E97 /* Views */ = {
			isa = PBXGroup;
			children = (
				1411B98B2BE10E12006E5E97 /* Week */,
				1411B98C2BE10E12006E5E97 /* InfiniteWeekView.swift */,
			);
			path = Views;
			sourceTree = "<group>";
		};
		1411B98E2BE10E12006E5E97 /* InfiniteWeekView */ = {
			isa = PBXGroup;
			children = (
				1411B97C2BE10E12006E5E97 /* Models */,
				1411B9872BE10E12006E5E97 /* Utils */,
				1411B98D2BE10E12006E5E97 /* Views */,
			);
			path = InfiniteWeekView;
			sourceTree = "<group>";
		};
		1411B9A22BE2273E006E5E97 /* SubscriptionInfo */ = {
			isa = PBXGroup;
			children = (
				1411B9A32BE22766006E5E97 /* SubscriptionInfoView.swift */,
			);
			path = SubscriptionInfo;
			sourceTree = "<group>";
		};
		147260342BE4CE27007935A5 /* Settings */ = {
			isa = PBXGroup;
			children = (
				147260352BE4CE4A007935A5 /* SettingView.swift */,
			);
			path = Settings;
			sourceTree = "<group>";
		};
		1472603F2BE4EFC1007935A5 /* Card */ = {
			isa = PBXGroup;
			children = (
				147260402BE4EFD0007935A5 /* CardView.swift */,
			);
			path = Card;
			sourceTree = "<group>";
		};
		147260462BE4FC8F007935A5 /* CardStack */ = {
			isa = PBXGroup;
			children = (
				147260452BE4FC8F007935A5 /* CardStack.swift */,
			);
			path = CardStack;
			sourceTree = "<group>";
		};
/* End PBXGroup section */

/* Begin PBXNativeTarget section */
		1411B8DB2BDB530C006E5E97 /* Budget Buddy */ = {
			isa = PBXNativeTarget;
			buildConfigurationList = 1411B9002BDB530E006E5E97 /* Build configuration list for PBXNativeTarget "Budget Buddy" */;
			buildPhases = (
				1411B8D82BDB530C006E5E97 /* Sources */,
				1411B8D92BDB530C006E5E97 /* Frameworks */,
				1411B8DA2BDB530C006E5E97 /* Resources */,
			);
			buildRules = (
			);
			dependencies = (
			);
			name = "Budget Buddy";
			packageProductDependencies = (
				143D23072C34538600732EDB /* FirebaseAnalytics */,
				143D23092C34538700732EDB /* FirebaseAnalyticsOnDeviceConversion */,
				143D230B2C34538700732EDB /* FirebaseAnalyticsSwift */,
				143D230D2C34538700732EDB /* FirebaseAnalyticsWithoutAdIdSupport */,
				143D230F2C34538700732EDB /* FirebaseAppCheck */,
				143D23112C34538700732EDB /* FirebaseAppDistribution-Beta */,
				143D23132C34538700732EDB /* FirebaseAuth */,
				143D23152C34538700732EDB /* FirebaseAuthCombine-Community */,
				143D23172C34538700732EDB /* FirebaseCrashlytics */,
				143D23192C34538700732EDB /* FirebaseDatabase */,
				143D231B2C34538700732EDB /* FirebaseDatabaseSwift */,
				143D231D2C34538700732EDB /* FirebaseDynamicLinks */,
				143D231F2C34538700732EDB /* FirebaseFirestore */,
				143D23212C34538700732EDB /* FirebaseFirestoreCombine-Community */,
				143D23232C34538700732EDB /* FirebaseFirestoreSwift */,
				143D23252C34538700732EDB /* FirebaseFunctions */,
				143D23272C34538700732EDB /* FirebaseFunctionsCombine-Community */,
				143D23292C34538700732EDB /* FirebaseInAppMessaging-Beta */,
				143D232B2C34538700732EDB /* FirebaseInAppMessagingSwift-Beta */,
				143D232D2C34538700732EDB /* FirebaseInstallations */,
				143D232F2C34538700732EDB /* FirebaseMLModelDownloader */,
				143D23312C34538700732EDB /* FirebaseMessaging */,
				143D23332C34538700732EDB /* FirebasePerformance */,
				143D23352C34538700732EDB /* FirebaseRemoteConfig */,
				143D23372C34538700732EDB /* FirebaseRemoteConfigSwift */,
				143D23392C34538700732EDB /* FirebaseStorage */,
				143D233B2C34538700732EDB /* FirebaseStorageCombine-Community */,
				143D233D2C34538700732EDB /* FirebaseVertexAI-Preview */,
			);
			productName = "Budget Buddy";
			productReference = 1411B8DC2BDB530C006E5E97 /* Budget Buddy.app */;
			productType = "com.apple.product-type.application";
		};
		1411B8EB2BDB530E006E5E97 /* Budget BuddyTests */ = {
			isa = PBXNativeTarget;
			buildConfigurationList = 1411B9032BDB530E006E5E97 /* Build configuration list for PBXNativeTarget "Budget BuddyTests" */;
			buildPhases = (
				1411B8E82BDB530E006E5E97 /* Sources */,
				1411B8E92BDB530E006E5E97 /* Frameworks */,
				1411B8EA2BDB530E006E5E97 /* Resources */,
			);
			buildRules = (
			);
			dependencies = (
				1411B8EE2BDB530E006E5E97 /* PBXTargetDependency */,
			);
			name = "Budget BuddyTests";
			productName = "Budget BuddyTests";
			productReference = 1411B8EC2BDB530E006E5E97 /* Budget BuddyTests.xctest */;
			productType = "com.apple.product-type.bundle.unit-test";
		};
		1411B8F52BDB530E006E5E97 /* Budget BuddyUITests */ = {
			isa = PBXNativeTarget;
			buildConfigurationList = 1411B9062BDB530E006E5E97 /* Build configuration list for PBXNativeTarget "Budget BuddyUITests" */;
			buildPhases = (
				1411B8F22BDB530E006E5E97 /* Sources */,
				1411B8F32BDB530E006E5E97 /* Frameworks */,
				1411B8F42BDB530E006E5E97 /* Resources */,
			);
			buildRules = (
			);
			dependencies = (
				1411B8F82BDB530E006E5E97 /* PBXTargetDependency */,
			);
			name = "Budget BuddyUITests";
			productName = "Budget BuddyUITests";
			productReference = 1411B8F62BDB530E006E5E97 /* Budget BuddyUITests.xctest */;
			productType = "com.apple.product-type.bundle.ui-testing";
		};
/* End PBXNativeTarget section */

/* Begin PBXProject section */
		1411B8D42BDB530C006E5E97 /* Project object */ = {
			isa = PBXProject;
			attributes = {
				BuildIndependentTargetsInParallel = 1;
				LastSwiftUpdateCheck = 1530;
				LastUpgradeCheck = 1530;
				TargetAttributes = {
					1411B8DB2BDB530C006E5E97 = {
						CreatedOnToolsVersion = 15.3;
					};
					1411B8EB2BDB530E006E5E97 = {
						CreatedOnToolsVersion = 15.3;
						TestTargetID = 1411B8DB2BDB530C006E5E97;
					};
					1411B8F52BDB530E006E5E97 = {
						CreatedOnToolsVersion = 15.3;
						TestTargetID = 1411B8DB2BDB530C006E5E97;
					};
				};
			};
			buildConfigurationList = 1411B8D72BDB530C006E5E97 /* Build configuration list for PBXProject "Budget Buddy" */;
			compatibilityVersion = "Xcode 14.0";
			developmentRegion = en;
			hasScannedForEncodings = 0;
			knownRegions = (
				en,
				Base,
			);
			mainGroup = 1411B8D32BDB530C006E5E97;
			packageReferences = (
				143D23022C344F4A00732EDB /* XCRemoteSwiftPackageReference "firebase-ios-sdk" */,
			);
			productRefGroup = 1411B8DD2BDB530C006E5E97 /* Products */;
			projectDirPath = "";
			projectRoot = "";
			targets = (
				1411B8DB2BDB530C006E5E97 /* Budget Buddy */,
				1411B8EB2BDB530E006E5E97 /* Budget BuddyTests */,
				1411B8F52BDB530E006E5E97 /* Budget BuddyUITests */,
			);
		};
/* End PBXProject section */

/* Begin PBXResourcesBuildPhase section */
		1411B8DA2BDB530C006E5E97 /* Resources */ = {
			isa = PBXResourcesBuildPhase;
			buildActionMask = 2147483647;
			files = (
				1411B9352BDCBD90006E5E97 /* Inter-SemiBold.ttf in Resources */,
				1411B9362BDCBD90006E5E97 /* Inter-Bold.ttf in Resources */,
				1411B8E72BDB530E006E5E97 /* Preview Assets.xcassets in Resources */,
				1411B8E42BDB530E006E5E97 /* Assets.xcassets in Resources */,
				1411B9372BDCBD90006E5E97 /* Inter-Regular.ttf in Resources */,
				1411B9342BDCBD90006E5E97 /* Inter-Medium.ttf in Resources */,
				143D23012C344BE000732EDB /* GoogleService-Info.plist in Resources */,
			);
			runOnlyForDeploymentPostprocessing = 0;
		};
		1411B8EA2BDB530E006E5E97 /* Resources */ = {
			isa = PBXResourcesBuildPhase;
			buildActionMask = 2147483647;
			files = (
			);
			runOnlyForDeploymentPostprocessing = 0;
		};
		1411B8F42BDB530E006E5E97 /* Resources */ = {
			isa = PBXResourcesBuildPhase;
			buildActionMask = 2147483647;
			files = (
			);
			runOnlyForDeploymentPostprocessing = 0;
		};
/* End PBXResourcesBuildPhase section */

/* Begin PBXSourcesBuildPhase section */
		1411B8D82BDB530C006E5E97 /* Sources */ = {
			isa = PBXSourcesBuildPhase;
			buildActionMask = 2147483647;
			files = (
				1411B94B2BDED377006E5E97 /* BudgetModel.swift in Sources */,
				1411B94D2BDED8BA006E5E97 /* BudgetRow.swift in Sources */,
				1411B9462BDE0B2D006E5E97 /* ArcShape.swift in Sources */,
				1411B9402BDDFF1E006E5E97 /* SubscriptionHomeRow.swift in Sources */,
				1411B9952BE10E12006E5E97 /* CornerRadiusShape.swift in Sources */,
				1411B92D2BDBBB1E006E5E97 /* SignInView.swift in Sources */,
				1411B92B2BDBB674006E5E97 /* RoundTextField.swift in Sources */,
				147260362BE4CE4B007935A5 /* SettingView.swift in Sources */,
				147260332BE3CB28007935A5 /* ItemRow.swift in Sources */,
				1411B9522BDFAD4B006E5E97 /* CalendarView.swift in Sources */,
				1411B98F2BE10E12006E5E97 /* Week.swift in Sources */,
				1411B9252BDB6CF3006E5E97 /* SecondaryButton.swift in Sources */,
				1411B94F2BDEE601006E5E97 /* ArcModel.swift in Sources */,
				1411B91F2BDB5776006E5E97 /* UIExtension.swift in Sources */,
				1411B9902BE10E12006E5E97 /* WeekStore.swift in Sources */,
				1411B9212BDB603D006E5E97 /* WelcomeView.swift in Sources */,
				1411B9392BDCC829006E5E97 /* HomeView.swift in Sources */,
				1411B9292BDBADDA006E5E97 /* SignUpView.swift in Sources */,
				1411B9922BE10E12006E5E97 /* Color+Extension.swift in Sources */,
				1411B9932BE10E12006E5E97 /* Date+Extension.swift in Sources */,
				1411B9272BDB6EA6006E5E97 /* SocialSignupView.swift in Sources */,
				1411B9232BDB6AE5006E5E97 /* PrimaryButton.swift in Sources */,
				1411B9962BE10E12006E5E97 /* CornerRadiusStyle.swift in Sources */,
				1411B9422BDE0029006E5E97 /* UpcomingBillRow.swift in Sources */,
				1411B93B2BDD8A12006E5E97 /* SegmentButton.swift in Sources */,
				1411B9972BE10E12006E5E97 /* WeekHeaderView.swift in Sources */,
				1411B9492BDED33A006E5E97 /* BudgetsView.swift in Sources */,
				1411B9942BE10E12006E5E97 /* View+Extension.swift in Sources */,
				1411B9982BE10E12006E5E97 /* WeeksTabView.swift in Sources */,
				1411B9912BE10E12006E5E97 /* TimeDirection.swift in Sources */,
				1411B8E02BDB530C006E5E97 /* Budget_BuddyApp.swift in Sources */,
				1411B9792BE10BC6006E5E97 /* AddSubscriptionView.swift in Sources */,
				147260382BE4D136007935A5 /* IconItemRow.swift in Sources */,
				1411B99A2BE10E12006E5E97 /* InfiniteWeekView.swift in Sources */,
				147260492BE4FCD3007935A5 /* CreditCardModel.swift in Sources */,
				1411B9542BDFAFEE006E5E97 /* SubscriptionCell.swift in Sources */,
				1411B9A02BE13162006E5E97 /* CarouselView.swift in Sources */,
				1411B9A42BE22766006E5E97 /* SubscriptionInfoView.swift in Sources */,
				1411B9992BE10E12006E5E97 /* WeekView.swift in Sources */,
				1472603C2BE4D181007935A5 /* IconItemSwitchRow.swift in Sources */,
				1411B9442BDE04C2006E5E97 /* StatusButton.swift in Sources */,
				1411B92F2BDCB9E4006E5E97 /* MainTabView.swift in Sources */,
				1411B93D2BDD8CAD006E5E97 /* SubscriptionModel.swift in Sources */,
				147260412BE4EFD0007935A5 /* CardView.swift in Sources */,
				1411B99C2BE11B61006E5E97 /* UIStateModel.swift in Sources */,
				147260472BE4FC8F007935A5 /* CardStack.swift in Sources */,
			);
			runOnlyForDeploymentPostprocessing = 0;
		};
		1411B8E82BDB530E006E5E97 /* Sources */ = {
			isa = PBXSourcesBuildPhase;
			buildActionMask = 2147483647;
			files = (
				1411B8F12BDB530E006E5E97 /* Budget_BuddyTests.swift in Sources */,
			);
			runOnlyForDeploymentPostprocessing = 0;
		};
		1411B8F22BDB530E006E5E97 /* Sources */ = {
			isa = PBXSourcesBuildPhase;
			buildActionMask = 2147483647;
			files = (
				1411B8FD2BDB530E006E5E97 /* Budget_BuddyUITestsLaunchTests.swift in Sources */,
				1411B8FB2BDB530E006E5E97 /* Budget_BuddyUITests.swift in Sources */,
			);
			runOnlyForDeploymentPostprocessing = 0;
		};
/* End PBXSourcesBuildPhase section */

/* Begin PBXTargetDependency section */
		1411B8EE2BDB530E006E5E97 /* PBXTargetDependency */ = {
			isa = PBXTargetDependency;
			target = 1411B8DB2BDB530C006E5E97 /* Budget Buddy */;
			targetProxy = 1411B8ED2BDB530E006E5E97 /* PBXContainerItemProxy */;
		};
		1411B8F82BDB530E006E5E97 /* PBXTargetDependency */ = {
			isa = PBXTargetDependency;
			target = 1411B8DB2BDB530C006E5E97 /* Budget Buddy */;
			targetProxy = 1411B8F72BDB530E006E5E97 /* PBXContainerItemProxy */;
		};
/* End PBXTargetDependency section */

/* Begin XCBuildConfiguration section */
		1411B8FE2BDB530E006E5E97 /* Debug */ = {
			isa = XCBuildConfiguration;
			buildSettings = {
				ALWAYS_SEARCH_USER_PATHS = NO;
				ASSETCATALOG_COMPILER_GENERATE_SWIFT_ASSET_SYMBOL_EXTENSIONS = YES;
				CLANG_ANALYZER_NONNULL = YES;
				CLANG_ANALYZER_NUMBER_OBJECT_CONVERSION = YES_AGGRESSIVE;
				CLANG_CXX_LANGUAGE_STANDARD = "gnu++20";
				CLANG_ENABLE_MODULES = YES;
				CLANG_ENABLE_OBJC_ARC = YES;
				CLANG_ENABLE_OBJC_WEAK = YES;
				CLANG_WARN_BLOCK_CAPTURE_AUTORELEASING = YES;
				CLANG_WARN_BOOL_CONVERSION = YES;
				CLANG_WARN_COMMA = YES;
				CLANG_WARN_CONSTANT_CONVERSION = YES;
				CLANG_WARN_DEPRECATED_OBJC_IMPLEMENTATIONS = YES;
				CLANG_WARN_DIRECT_OBJC_ISA_USAGE = YES_ERROR;
				CLANG_WARN_DOCUMENTATION_COMMENTS = YES;
				CLANG_WARN_EMPTY_BODY = YES;
				CLANG_WARN_ENUM_CONVERSION = YES;
				CLANG_WARN_INFINITE_RECURSION = YES;
				CLANG_WARN_INT_CONVERSION = YES;
				CLANG_WARN_NON_LITERAL_NULL_CONVERSION = YES;
				CLANG_WARN_OBJC_IMPLICIT_RETAIN_SELF = YES;
				CLANG_WARN_OBJC_LITERAL_CONVERSION = YES;
				CLANG_WARN_OBJC_ROOT_CLASS = YES_ERROR;
				CLANG_WARN_QUOTED_INCLUDE_IN_FRAMEWORK_HEADER = YES;
				CLANG_WARN_RANGE_LOOP_ANALYSIS = YES;
				CLANG_WARN_STRICT_PROTOTYPES = YES;
				CLANG_WARN_SUSPICIOUS_MOVE = YES;
				CLANG_WARN_UNGUARDED_AVAILABILITY = YES_AGGRESSIVE;
				CLANG_WARN_UNREACHABLE_CODE = YES;
				CLANG_WARN__DUPLICATE_METHOD_MATCH = YES;
				COPY_PHASE_STRIP = NO;
				DEBUG_INFORMATION_FORMAT = dwarf;
				ENABLE_STRICT_OBJC_MSGSEND = YES;
				ENABLE_TESTABILITY = YES;
				ENABLE_USER_SCRIPT_SANDBOXING = YES;
				GCC_C_LANGUAGE_STANDARD = gnu17;
				GCC_DYNAMIC_NO_PIC = NO;
				GCC_NO_COMMON_BLOCKS = YES;
				GCC_OPTIMIZATION_LEVEL = 0;
				GCC_PREPROCESSOR_DEFINITIONS = (
					"DEBUG=1",
					"$(inherited)",
				);
				GCC_WARN_64_TO_32_BIT_CONVERSION = YES;
				GCC_WARN_ABOUT_RETURN_TYPE = YES_ERROR;
				GCC_WARN_UNDECLARED_SELECTOR = YES;
				GCC_WARN_UNINITIALIZED_AUTOS = YES_AGGRESSIVE;
				GCC_WARN_UNUSED_FUNCTION = YES;
				GCC_WARN_UNUSED_VARIABLE = YES;
				IPHONEOS_DEPLOYMENT_TARGET = 17.4;
				LOCALIZATION_PREFERS_STRING_CATALOGS = YES;
				MTL_ENABLE_DEBUG_INFO = INCLUDE_SOURCE;
				MTL_FAST_MATH = YES;
				ONLY_ACTIVE_ARCH = YES;
				SDKROOT = iphoneos;
				SWIFT_ACTIVE_COMPILATION_CONDITIONS = "DEBUG $(inherited)";
				SWIFT_OPTIMIZATION_LEVEL = "-Onone";
			};
			name = Debug;
		};
		1411B8FF2BDB530E006E5E97 /* Release */ = {
			isa = XCBuildConfiguration;
			buildSettings = {
				ALWAYS_SEARCH_USER_PATHS = NO;
				ASSETCATALOG_COMPILER_GENERATE_SWIFT_ASSET_SYMBOL_EXTENSIONS = YES;
				CLANG_ANALYZER_NONNULL = YES;
				CLANG_ANALYZER_NUMBER_OBJECT_CONVERSION = YES_AGGRESSIVE;
				CLANG_CXX_LANGUAGE_STANDARD = "gnu++20";
				CLANG_ENABLE_MODULES = YES;
				CLANG_ENABLE_OBJC_ARC = YES;
				CLANG_ENABLE_OBJC_WEAK = YES;
				CLANG_WARN_BLOCK_CAPTURE_AUTORELEASING = YES;
				CLANG_WARN_BOOL_CONVERSION = YES;
				CLANG_WARN_COMMA = YES;
				CLANG_WARN_CONSTANT_CONVERSION = YES;
				CLANG_WARN_DEPRECATED_OBJC_IMPLEMENTATIONS = YES;
				CLANG_WARN_DIRECT_OBJC_ISA_USAGE = YES_ERROR;
				CLANG_WARN_DOCUMENTATION_COMMENTS = YES;
				CLANG_WARN_EMPTY_BODY = YES;
				CLANG_WARN_ENUM_CONVERSION = YES;
				CLANG_WARN_INFINITE_RECURSION = YES;
				CLANG_WARN_INT_CONVERSION = YES;
				CLANG_WARN_NON_LITERAL_NULL_CONVERSION = YES;
				CLANG_WARN_OBJC_IMPLICIT_RETAIN_SELF = YES;
				CLANG_WARN_OBJC_LITERAL_CONVERSION = YES;
				CLANG_WARN_OBJC_ROOT_CLASS = YES_ERROR;
				CLANG_WARN_QUOTED_INCLUDE_IN_FRAMEWORK_HEADER = YES;
				CLANG_WARN_RANGE_LOOP_ANALYSIS = YES;
				CLANG_WARN_STRICT_PROTOTYPES = YES;
				CLANG_WARN_SUSPICIOUS_MOVE = YES;
				CLANG_WARN_UNGUARDED_AVAILABILITY = YES_AGGRESSIVE;
				CLANG_WARN_UNREACHABLE_CODE = YES;
				CLANG_WARN__DUPLICATE_METHOD_MATCH = YES;
				COPY_PHASE_STRIP = NO;
				DEBUG_INFORMATION_FORMAT = "dwarf-with-dsym";
				ENABLE_NS_ASSERTIONS = NO;
				ENABLE_STRICT_OBJC_MSGSEND = YES;
				ENABLE_USER_SCRIPT_SANDBOXING = YES;
				GCC_C_LANGUAGE_STANDARD = gnu17;
				GCC_NO_COMMON_BLOCKS = YES;
				GCC_WARN_64_TO_32_BIT_CONVERSION = YES;
				GCC_WARN_ABOUT_RETURN_TYPE = YES_ERROR;
				GCC_WARN_UNDECLARED_SELECTOR = YES;
				GCC_WARN_UNINITIALIZED_AUTOS = YES_AGGRESSIVE;
				GCC_WARN_UNUSED_FUNCTION = YES;
				GCC_WARN_UNUSED_VARIABLE = YES;
				IPHONEOS_DEPLOYMENT_TARGET = 17.4;
				LOCALIZATION_PREFERS_STRING_CATALOGS = YES;
				MTL_ENABLE_DEBUG_INFO = NO;
				MTL_FAST_MATH = YES;
				SDKROOT = iphoneos;
				SWIFT_COMPILATION_MODE = wholemodule;
				VALIDATE_PRODUCT = YES;
			};
			name = Release;
		};
		1411B9012BDB530E006E5E97 /* Debug */ = {
			isa = XCBuildConfiguration;
			buildSettings = {
				ASSETCATALOG_COMPILER_APPICON_NAME = AppIcon;
				ASSETCATALOG_COMPILER_GLOBAL_ACCENT_COLOR_NAME = AccentColor;
				CODE_SIGN_STYLE = Automatic;
				CURRENT_PROJECT_VERSION = 1;
				DEVELOPMENT_ASSET_PATHS = "\"Budget Buddy/Preview Content\"";
				DEVELOPMENT_TEAM = 98UH276369;
				ENABLE_PREVIEWS = YES;
				GENERATE_INFOPLIST_FILE = YES;
				INFOPLIST_FILE = "Budget-Buddy-Info.plist";
				INFOPLIST_KEY_UIApplicationSceneManifest_Generation = YES;
				INFOPLIST_KEY_UIApplicationSupportsIndirectInputEvents = YES;
				INFOPLIST_KEY_UILaunchScreen_Generation = YES;
				INFOPLIST_KEY_UISupportedInterfaceOrientations_iPad = "UIInterfaceOrientationPortrait UIInterfaceOrientationPortraitUpsideDown UIInterfaceOrientationLandscapeLeft UIInterfaceOrientationLandscapeRight";
				INFOPLIST_KEY_UISupportedInterfaceOrientations_iPhone = "UIInterfaceOrientationPortrait UIInterfaceOrientationLandscapeLeft UIInterfaceOrientationLandscapeRight";
				LD_RUNPATH_SEARCH_PATHS = (
					"$(inherited)",
					"@executable_path/Frameworks",
				);
				MARKETING_VERSION = 1.0;
				PRODUCT_BUNDLE_IDENTIFIER = "org.aman.app.Budget-Buddy";
				PRODUCT_NAME = "$(TARGET_NAME)";
				SWIFT_EMIT_LOC_STRINGS = YES;
				SWIFT_VERSION = 5.0;
				TARGETED_DEVICE_FAMILY = "1,2";
			};
			name = Debug;
		};
		1411B9022BDB530E006E5E97 /* Release */ = {
			isa = XCBuildConfiguration;
			buildSettings = {
				ASSETCATALOG_COMPILER_APPICON_NAME = AppIcon;
				ASSETCATALOG_COMPILER_GLOBAL_ACCENT_COLOR_NAME = AccentColor;
				CODE_SIGN_STYLE = Automatic;
				CURRENT_PROJECT_VERSION = 1;
				DEVELOPMENT_ASSET_PATHS = "\"Budget Buddy/Preview Content\"";
				DEVELOPMENT_TEAM = 98UH276369;
				ENABLE_PREVIEWS = YES;
				GENERATE_INFOPLIST_FILE = YES;
				INFOPLIST_FILE = "Budget-Buddy-Info.plist";
				INFOPLIST_KEY_UIApplicationSceneManifest_Generation = YES;
				INFOPLIST_KEY_UIApplicationSupportsIndirectInputEvents = YES;
				INFOPLIST_KEY_UILaunchScreen_Generation = YES;
				INFOPLIST_KEY_UISupportedInterfaceOrientations_iPad = "UIInterfaceOrientationPortrait UIInterfaceOrientationPortraitUpsideDown UIInterfaceOrientationLandscapeLeft UIInterfaceOrientationLandscapeRight";
				INFOPLIST_KEY_UISupportedInterfaceOrientations_iPhone = "UIInterfaceOrientationPortrait UIInterfaceOrientationLandscapeLeft UIInterfaceOrientationLandscapeRight";
				LD_RUNPATH_SEARCH_PATHS = (
					"$(inherited)",
					"@executable_path/Frameworks",
				);
				MARKETING_VERSION = 1.0;
				PRODUCT_BUNDLE_IDENTIFIER = "org.aman.app.Budget-Buddy";
				PRODUCT_NAME = "$(TARGET_NAME)";
				SWIFT_EMIT_LOC_STRINGS = YES;
				SWIFT_VERSION = 5.0;
				TARGETED_DEVICE_FAMILY = "1,2";
			};
			name = Release;
		};
		1411B9042BDB530E006E5E97 /* Debug */ = {
			isa = XCBuildConfiguration;
			buildSettings = {
				ALWAYS_EMBED_SWIFT_STANDARD_LIBRARIES = YES;
				BUNDLE_LOADER = "$(TEST_HOST)";
				CODE_SIGN_STYLE = Automatic;
				CURRENT_PROJECT_VERSION = 1;
				DEVELOPMENT_TEAM = 98UH276369;
				GENERATE_INFOPLIST_FILE = YES;
				IPHONEOS_DEPLOYMENT_TARGET = 17.4;
				MARKETING_VERSION = 1.0;
				PRODUCT_BUNDLE_IDENTIFIER = "org.aman.app.Budget-BuddyTests";
				PRODUCT_NAME = "$(TARGET_NAME)";
				SWIFT_EMIT_LOC_STRINGS = NO;
				SWIFT_VERSION = 5.0;
				TARGETED_DEVICE_FAMILY = "1,2";
				TEST_HOST = "$(BUILT_PRODUCTS_DIR)/Budget Buddy.app/$(BUNDLE_EXECUTABLE_FOLDER_PATH)/Budget Buddy";
			};
			name = Debug;
		};
		1411B9052BDB530E006E5E97 /* Release */ = {
			isa = XCBuildConfiguration;
			buildSettings = {
				ALWAYS_EMBED_SWIFT_STANDARD_LIBRARIES = YES;
				BUNDLE_LOADER = "$(TEST_HOST)";
				CODE_SIGN_STYLE = Automatic;
				CURRENT_PROJECT_VERSION = 1;
				DEVELOPMENT_TEAM = 98UH276369;
				GENERATE_INFOPLIST_FILE = YES;
				IPHONEOS_DEPLOYMENT_TARGET = 17.4;
				MARKETING_VERSION = 1.0;
				PRODUCT_BUNDLE_IDENTIFIER = "org.aman.app.Budget-BuddyTests";
				PRODUCT_NAME = "$(TARGET_NAME)";
				SWIFT_EMIT_LOC_STRINGS = NO;
				SWIFT_VERSION = 5.0;
				TARGETED_DEVICE_FAMILY = "1,2";
				TEST_HOST = "$(BUILT_PRODUCTS_DIR)/Budget Buddy.app/$(BUNDLE_EXECUTABLE_FOLDER_PATH)/Budget Buddy";
			};
			name = Release;
		};
		1411B9072BDB530E006E5E97 /* Debug */ = {
			isa = XCBuildConfiguration;
			buildSettings = {
				ALWAYS_EMBED_SWIFT_STANDARD_LIBRARIES = YES;
				CODE_SIGN_STYLE = Automatic;
				CURRENT_PROJECT_VERSION = 1;
				DEVELOPMENT_TEAM = 98UH276369;
				GENERATE_INFOPLIST_FILE = YES;
				MARKETING_VERSION = 1.0;
				PRODUCT_BUNDLE_IDENTIFIER = "org.aman.app.Budget-BuddyUITests";
				PRODUCT_NAME = "$(TARGET_NAME)";
				SWIFT_EMIT_LOC_STRINGS = NO;
				SWIFT_VERSION = 5.0;
				TARGETED_DEVICE_FAMILY = "1,2";
				TEST_TARGET_NAME = "Budget Buddy";
			};
			name = Debug;
		};
		1411B9082BDB530E006E5E97 /* Release */ = {
			isa = XCBuildConfiguration;
			buildSettings = {
				ALWAYS_EMBED_SWIFT_STANDARD_LIBRARIES = YES;
				CODE_SIGN_STYLE = Automatic;
				CURRENT_PROJECT_VERSION = 1;
				DEVELOPMENT_TEAM = 98UH276369;
				GENERATE_INFOPLIST_FILE = YES;
				MARKETING_VERSION = 1.0;
				PRODUCT_BUNDLE_IDENTIFIER = "org.aman.app.Budget-BuddyUITests";
				PRODUCT_NAME = "$(TARGET_NAME)";
				SWIFT_EMIT_LOC_STRINGS = NO;
				SWIFT_VERSION = 5.0;
				TARGETED_DEVICE_FAMILY = "1,2";
				TEST_TARGET_NAME = "Budget Buddy";
			};
			name = Release;
		};
/* End XCBuildConfiguration section */

/* Begin XCConfigurationList section */
		1411B8D72BDB530C006E5E97 /* Build configuration list for PBXProject "Budget Buddy" */ = {
			isa = XCConfigurationList;
			buildConfigurations = (
				1411B8FE2BDB530E006E5E97 /* Debug */,
				1411B8FF2BDB530E006E5E97 /* Release */,
			);
			defaultConfigurationIsVisible = 0;
			defaultConfigurationName = Release;
		};
		1411B9002BDB530E006E5E97 /* Build configuration list for PBXNativeTarget "Budget Buddy" */ = {
			isa = XCConfigurationList;
			buildConfigurations = (
				1411B9012BDB530E006E5E97 /* Debug */,
				1411B9022BDB530E006E5E97 /* Release */,
			);
			defaultConfigurationIsVisible = 0;
			defaultConfigurationName = Release;
		};
		1411B9032BDB530E006E5E97 /* Build configuration list for PBXNativeTarget "Budget BuddyTests" */ = {
			isa = XCConfigurationList;
			buildConfigurations = (
				1411B9042BDB530E006E5E97 /* Debug */,
				1411B9052BDB530E006E5E97 /* Release */,
			);
			defaultConfigurationIsVisible = 0;
			defaultConfigurationName = Release;
		};
		1411B9062BDB530E006E5E97 /* Build configuration list for PBXNativeTarget "Budget BuddyUITests" */ = {
			isa = XCConfigurationList;
			buildConfigurations = (
				1411B9072BDB530E006E5E97 /* Debug */,
				1411B9082BDB530E006E5E97 /* Release */,
			);
			defaultConfigurationIsVisible = 0;
			defaultConfigurationName = Release;
		};
/* End XCConfigurationList section */

/* Begin XCRemoteSwiftPackageReference section */
		143D23022C344F4A00732EDB /* XCRemoteSwiftPackageReference "firebase-ios-sdk" */ = {
			isa = XCRemoteSwiftPackageReference;
			repositoryURL = "https://github.com/firebase/firebase-ios-sdk";
			requirement = {
				kind = upToNextMajorVersion;
				minimumVersion = 10.28.1;
			};
		};
/* End XCRemoteSwiftPackageReference section */

/* Begin XCSwiftPackageProductDependency section */
		143D23072C34538600732EDB /* FirebaseAnalytics */ = {
			isa = XCSwiftPackageProductDependency;
			package = 143D23022C344F4A00732EDB /* XCRemoteSwiftPackageReference "firebase-ios-sdk" */;
			productName = FirebaseAnalytics;
		};
		143D23092C34538700732EDB /* FirebaseAnalyticsOnDeviceConversion */ = {
			isa = XCSwiftPackageProductDependency;
			package = 143D23022C344F4A00732EDB /* XCRemoteSwiftPackageReference "firebase-ios-sdk" */;
			productName = FirebaseAnalyticsOnDeviceConversion;
		};
		143D230B2C34538700732EDB /* FirebaseAnalyticsSwift */ = {
			isa = XCSwiftPackageProductDependency;
			package = 143D23022C344F4A00732EDB /* XCRemoteSwiftPackageReference "firebase-ios-sdk" */;
			productName = FirebaseAnalyticsSwift;
		};
		143D230D2C34538700732EDB /* FirebaseAnalyticsWithoutAdIdSupport */ = {
			isa = XCSwiftPackageProductDependency;
			package = 143D23022C344F4A00732EDB /* XCRemoteSwiftPackageReference "firebase-ios-sdk" */;
			productName = FirebaseAnalyticsWithoutAdIdSupport;
		};
		143D230F2C34538700732EDB /* FirebaseAppCheck */ = {
			isa = XCSwiftPackageProductDependency;
			package = 143D23022C344F4A00732EDB /* XCRemoteSwiftPackageReference "firebase-ios-sdk" */;
			productName = FirebaseAppCheck;
		};
		143D23112C34538700732EDB /* FirebaseAppDistribution-Beta */ = {
			isa = XCSwiftPackageProductDependency;
			package = 143D23022C344F4A00732EDB /* XCRemoteSwiftPackageReference "firebase-ios-sdk" */;
			productName = "FirebaseAppDistribution-Beta";
		};
		143D23132C34538700732EDB /* FirebaseAuth */ = {
			isa = XCSwiftPackageProductDependency;
			package = 143D23022C344F4A00732EDB /* XCRemoteSwiftPackageReference "firebase-ios-sdk" */;
			productName = FirebaseAuth;
		};
		143D23152C34538700732EDB /* FirebaseAuthCombine-Community */ = {
			isa = XCSwiftPackageProductDependency;
			package = 143D23022C344F4A00732EDB /* XCRemoteSwiftPackageReference "firebase-ios-sdk" */;
			productName = "FirebaseAuthCombine-Community";
		};
		143D23172C34538700732EDB /* FirebaseCrashlytics */ = {
			isa = XCSwiftPackageProductDependency;
			package = 143D23022C344F4A00732EDB /* XCRemoteSwiftPackageReference "firebase-ios-sdk" */;
			productName = FirebaseCrashlytics;
		};
		143D23192C34538700732EDB /* FirebaseDatabase */ = {
			isa = XCSwiftPackageProductDependency;
			package = 143D23022C344F4A00732EDB /* XCRemoteSwiftPackageReference "firebase-ios-sdk" */;
			productName = FirebaseDatabase;
		};
		143D231B2C34538700732EDB /* FirebaseDatabaseSwift */ = {
			isa = XCSwiftPackageProductDependency;
			package = 143D23022C344F4A00732EDB /* XCRemoteSwiftPackageReference "firebase-ios-sdk" */;
			productName = FirebaseDatabaseSwift;
		};
		143D231D2C34538700732EDB /* FirebaseDynamicLinks */ = {
			isa = XCSwiftPackageProductDependency;
			package = 143D23022C344F4A00732EDB /* XCRemoteSwiftPackageReference "firebase-ios-sdk" */;
			productName = FirebaseDynamicLinks;
		};
		143D231F2C34538700732EDB /* FirebaseFirestore */ = {
			isa = XCSwiftPackageProductDependency;
			package = 143D23022C344F4A00732EDB /* XCRemoteSwiftPackageReference "firebase-ios-sdk" */;
			productName = FirebaseFirestore;
		};
		143D23212C34538700732EDB /* FirebaseFirestoreCombine-Community */ = {
			isa = XCSwiftPackageProductDependency;
			package = 143D23022C344F4A00732EDB /* XCRemoteSwiftPackageReference "firebase-ios-sdk" */;
			productName = "FirebaseFirestoreCombine-Community";
		};
		143D23232C34538700732EDB /* FirebaseFirestoreSwift */ = {
			isa = XCSwiftPackageProductDependency;
			package = 143D23022C344F4A00732EDB /* XCRemoteSwiftPackageReference "firebase-ios-sdk" */;
			productName = FirebaseFirestoreSwift;
		};
		143D23252C34538700732EDB /* FirebaseFunctions */ = {
			isa = XCSwiftPackageProductDependency;
			package = 143D23022C344F4A00732EDB /* XCRemoteSwiftPackageReference "firebase-ios-sdk" */;
			productName = FirebaseFunctions;
		};
		143D23272C34538700732EDB /* FirebaseFunctionsCombine-Community */ = {
			isa = XCSwiftPackageProductDependency;
			package = 143D23022C344F4A00732EDB /* XCRemoteSwiftPackageReference "firebase-ios-sdk" */;
			productName = "FirebaseFunctionsCombine-Community";
		};
		143D23292C34538700732EDB /* FirebaseInAppMessaging-Beta */ = {
			isa = XCSwiftPackageProductDependency;
			package = 143D23022C344F4A00732EDB /* XCRemoteSwiftPackageReference "firebase-ios-sdk" */;
			productName = "FirebaseInAppMessaging-Beta";
		};
		143D232B2C34538700732EDB /* FirebaseInAppMessagingSwift-Beta */ = {
			isa = XCSwiftPackageProductDependency;
			package = 143D23022C344F4A00732EDB /* XCRemoteSwiftPackageReference "firebase-ios-sdk" */;
			productName = "FirebaseInAppMessagingSwift-Beta";
		};
		143D232D2C34538700732EDB /* FirebaseInstallations */ = {
			isa = XCSwiftPackageProductDependency;
			package = 143D23022C344F4A00732EDB /* XCRemoteSwiftPackageReference "firebase-ios-sdk" */;
			productName = FirebaseInstallations;
		};
		143D232F2C34538700732EDB /* FirebaseMLModelDownloader */ = {
			isa = XCSwiftPackageProductDependency;
			package = 143D23022C344F4A00732EDB /* XCRemoteSwiftPackageReference "firebase-ios-sdk" */;
			productName = FirebaseMLModelDownloader;
		};
		143D23312C34538700732EDB /* FirebaseMessaging */ = {
			isa = XCSwiftPackageProductDependency;
			package = 143D23022C344F4A00732EDB /* XCRemoteSwiftPackageReference "firebase-ios-sdk" */;
			productName = FirebaseMessaging;
		};
		143D23332C34538700732EDB /* FirebasePerformance */ = {
			isa = XCSwiftPackageProductDependency;
			package = 143D23022C344F4A00732EDB /* XCRemoteSwiftPackageReference "firebase-ios-sdk" */;
			productName = FirebasePerformance;
		};
		143D23352C34538700732EDB /* FirebaseRemoteConfig */ = {
			isa = XCSwiftPackageProductDependency;
			package = 143D23022C344F4A00732EDB /* XCRemoteSwiftPackageReference "firebase-ios-sdk" */;
			productName = FirebaseRemoteConfig;
		};
		143D23372C34538700732EDB /* FirebaseRemoteConfigSwift */ = {
			isa = XCSwiftPackageProductDependency;
			package = 143D23022C344F4A00732EDB /* XCRemoteSwiftPackageReference "firebase-ios-sdk" */;
			productName = FirebaseRemoteConfigSwift;
		};
		143D23392C34538700732EDB /* FirebaseStorage */ = {
			isa = XCSwiftPackageProductDependency;
			package = 143D23022C344F4A00732EDB /* XCRemoteSwiftPackageReference "firebase-ios-sdk" */;
			productName = FirebaseStorage;
		};
		143D233B2C34538700732EDB /* FirebaseStorageCombine-Community */ = {
			isa = XCSwiftPackageProductDependency;
			package = 143D23022C344F4A00732EDB /* XCRemoteSwiftPackageReference "firebase-ios-sdk" */;
			productName = "FirebaseStorageCombine-Community";
		};
		143D233D2C34538700732EDB /* FirebaseVertexAI-Preview */ = {
			isa = XCSwiftPackageProductDependency;
			package = 143D23022C344F4A00732EDB /* XCRemoteSwiftPackageReference "firebase-ios-sdk" */;
			productName = "FirebaseVertexAI-Preview";
		};
/* End XCSwiftPackageProductDependency section */
	};
	rootObject = 1411B8D42BDB530C006E5E97 /* Project object */;
}
